// !$*UTF8*$!
{
	archiveVersion = 1;
	classes = {
	};
	objectVersion = 50;
	objects = {

/* Begin PBXBuildFile section */
		47D2DC8626C48955003A774F /* AppDelegate.swift in Sources */ = {isa = PBXBuildFile; fileRef = 47D2DC8526C48955003A774F /* AppDelegate.swift */; };
		47D2DC8826C48955003A774F /* SceneDelegate.swift in Sources */ = {isa = PBXBuildFile; fileRef = 47D2DC8726C48955003A774F /* SceneDelegate.swift */; };
		47D2DC8A26C48955003A774F /* ViewController.swift in Sources */ = {isa = PBXBuildFile; fileRef = 47D2DC8926C48955003A774F /* ViewController.swift */; };
		47D2DC8D26C48955003A774F /* Main.storyboard in Resources */ = {isa = PBXBuildFile; fileRef = 47D2DC8B26C48955003A774F /* Main.storyboard */; };
		47D2DC8F26C48959003A774F /* Assets.xcassets in Resources */ = {isa = PBXBuildFile; fileRef = 47D2DC8E26C48959003A774F /* Assets.xcassets */; };
		47D2DC9226C48959003A774F /* LaunchScreen.storyboard in Resources */ = {isa = PBXBuildFile; fileRef = 47D2DC9026C48959003A774F /* LaunchScreen.storyboard */; };
		47D2DC9D26C4895A003A774F /* PreworkTests.swift in Sources */ = {isa = PBXBuildFile; fileRef = 47D2DC9C26C4895A003A774F /* PreworkTests.swift */; };
		47D2DCA826C4895A003A774F /* PreworkUITests.swift in Sources */ = {isa = PBXBuildFile; fileRef = 47D2DCA726C4895A003A774F /* PreworkUITests.swift */; };
/* End PBXBuildFile section */

/* Begin PBXContainerItemProxy section */
		47D2DC9926C4895A003A774F /* PBXContainerItemProxy */ = {
			isa = PBXContainerItemProxy;
			containerPortal = 47D2DC7A26C48955003A774F /* Project object */;
			proxyType = 1;
			remoteGlobalIDString = 47D2DC8126C48955003A774F;
			remoteInfo = Prework;
		};
		47D2DCA426C4895A003A774F /* PBXContainerItemProxy */ = {
			isa = PBXContainerItemProxy;
			containerPortal = 47D2DC7A26C48955003A774F /* Project object */;
			proxyType = 1;
			remoteGlobalIDString = 47D2DC8126C48955003A774F;
			remoteInfo = Prework;
		};
/* End PBXContainerItemProxy section */

/* Begin PBXFileReference section */
		47D2DC8226C48955003A774F /* Prework.app */ = {isa = PBXFileReference; explicitFileType = wrapper.application; includeInIndex = 0; path = Prework.app; sourceTree = BUILT_PRODUCTS_DIR; };
		47D2DC8526C48955003A774F /* AppDelegate.swift */ = {isa = PBXFileReference; lastKnownFileType = sourcecode.swift; path = AppDelegate.swift; sourceTree = "<group>"; };
		47D2DC8726C48955003A774F /* SceneDelegate.swift */ = {isa = PBXFileReference; lastKnownFileType = sourcecode.swift; path = SceneDelegate.swift; sourceTree = "<group>"; };
		47D2DC8926C48955003A774F /* ViewController.swift */ = {isa = PBXFileReference; lastKnownFileType = sourcecode.swift; path = ViewController.swift; sourceTree = "<group>"; };
		47D2DC8C26C48955003A774F /* Base */ = {isa = PBXFileReference; lastKnownFileType = file.storyboard; name = Base; path = Base.lproj/Main.storyboard; sourceTree = "<group>"; };
		47D2DC8E26C48959003A774F /* Assets.xcassets */ = {isa = PBXFileReference; lastKnownFileType = folder.assetcatalog; path = Assets.xcassets; sourceTree = "<group>"; };
		47D2DC9126C48959003A774F /* Base */ = {isa = PBXFileReference; lastKnownFileType = file.storyboard; name = Base; path = Base.lproj/LaunchScreen.storyboard; sourceTree = "<group>"; };
		47D2DC9326C48959003A774F /* Info.plist */ = {isa = PBXFileReference; lastKnownFileType = text.plist.xml; path = Info.plist; sourceTree = "<group>"; };
		47D2DC9826C4895A003A774F /* PreworkTests.xctest */ = {isa = PBXFileReference; explicitFileType = wrapper.cfbundle; includeInIndex = 0; path = PreworkTests.xctest; sourceTree = BUILT_PRODUCTS_DIR; };
		47D2DC9C26C4895A003A774F /* PreworkTests.swift */ = {isa = PBXFileReference; lastKnownFileType = sourcecode.swift; path = PreworkTests.swift; sourceTree = "<group>"; };
		47D2DC9E26C4895A003A774F /* Info.plist */ = {isa = PBXFileReference; lastKnownFileType = text.plist.xml; path = Info.plist; sourceTree = "<group>"; };
		47D2DCA326C4895A003A774F /* PreworkUITests.xctest */ = {isa = PBXFileReference; explicitFileType = wrapper.cfbundle; includeInIndex = 0; path = PreworkUITests.xctest; sourceTree = BUILT_PRODUCTS_DIR; };
		47D2DCA726C4895A003A774F /* PreworkUITests.swift */ = {isa = PBXFileReference; lastKnownFileType = sourcecode.swift; path = PreworkUITests.swift; sourceTree = "<group>"; };
		47D2DCA926C4895A003A774F /* Info.plist */ = {isa = PBXFileReference; lastKnownFileType = text.plist.xml; path = Info.plist; sourceTree = "<group>"; };
/* End PBXFileReference section */

/* Begin PBXFrameworksBuildPhase section */
		47D2DC7F26C48955003A774F /* Frameworks */ = {
			isa = PBXFrameworksBuildPhase;
			buildActionMask = 2147483647;
			files = (
			);
			runOnlyForDeploymentPostprocessing = 0;
		};
		47D2DC9526C4895A003A774F /* Frameworks */ = {
			isa = PBXFrameworksBuildPhase;
			buildActionMask = 2147483647;
			files = (
			);
			runOnlyForDeploymentPostprocessing = 0;
		};
		47D2DCA026C4895A003A774F /* Frameworks */ = {
			isa = PBXFrameworksBuildPhase;
			buildActionMask = 2147483647;
			files = (
			);
			runOnlyForDeploymentPostprocessing = 0;
		};
/* End PBXFrameworksBuildPhase section */

/* Begin PBXGroup section */
		47D2DC7926C48955003A774F = {
			isa = PBXGroup;
			children = (
				47D2DC8426C48955003A774F /* Prework */,
				47D2DC9B26C4895A003A774F /* PreworkTests */,
				47D2DCA626C4895A003A774F /* PreworkUITests */,
				47D2DC8326C48955003A774F /* Products */,
			);
			sourceTree = "<group>";
		};
		47D2DC8326C48955003A774F /* Products */ = {
			isa = PBXGroup;
			children = (
				47D2DC8226C48955003A774F /* Prework.app */,
				47D2DC9826C4895A003A774F /* PreworkTests.xctest */,
				47D2DCA326C4895A003A774F /* PreworkUITests.xctest */,
			);
			name = Products;
			sourceTree = "<group>";
		};
		47D2DC8426C48955003A774F /* Prework */ = {
			isa = PBXGroup;
			children = (
				47D2DC8526C48955003A774F /* AppDelegate.swift */,
				47D2DC8726C48955003A774F /* SceneDelegate.swift */,
				47D2DC8926C48955003A774F /* ViewController.swift */,
				47D2DC8B26C48955003A774F /* Main.storyboard */,
				47D2DC8E26C48959003A774F /* Assets.xcassets */,
				47D2DC9026C48959003A774F /* LaunchScreen.storyboard */,
				47D2DC9326C48959003A774F /* Info.plist */,
			);
			path = Prework;
			sourceTree = "<group>";
		};
		47D2DC9B26C4895A003A774F /* PreworkTests */ = {
			isa = PBXGroup;
			children = (
				47D2DC9C26C4895A003A774F /* PreworkTests.swift */,
				47D2DC9E26C4895A003A774F /* Info.plist */,
			);
			path = PreworkTests;
			sourceTree = "<group>";
		};
		47D2DCA626C4895A003A774F /* PreworkUITests */ = {
			isa = PBXGroup;
			children = (
				47D2DCA726C4895A003A774F /* PreworkUITests.swift */,
				47D2DCA926C4895A003A774F /* Info.plist */,
			);
			path = PreworkUITests;
			sourceTree = "<group>";
		};
/* End PBXGroup section */

/* Begin PBXNativeTarget section */
		47D2DC8126C48955003A774F /* Prework */ = {
			isa = PBXNativeTarget;
			buildConfigurationList = 47D2DCAC26C4895A003A774F /* Build configuration list for PBXNativeTarget "Prework" */;
			buildPhases = (
				47D2DC7E26C48955003A774F /* Sources */,
				47D2DC7F26C48955003A774F /* Frameworks */,
				47D2DC8026C48955003A774F /* Resources */,
			);
			buildRules = (
			);
			dependencies = (
			);
			name = Prework;
			productName = Prework;
			productReference = 47D2DC8226C48955003A774F /* Prework.app */;
			productType = "com.apple.product-type.application";
		};
		47D2DC9726C4895A003A774F /* PreworkTests */ = {
			isa = PBXNativeTarget;
			buildConfigurationList = 47D2DCAF26C4895A003A774F /* Build configuration list for PBXNativeTarget "PreworkTests" */;
			buildPhases = (
				47D2DC9426C4895A003A774F /* Sources */,
				47D2DC9526C4895A003A774F /* Frameworks */,
				47D2DC9626C4895A003A774F /* Resources */,
			);
			buildRules = (
			);
			dependencies = (
				47D2DC9A26C4895A003A774F /* PBXTargetDependency */,
			);
			name = PreworkTests;
			productName = PreworkTests;
			productReference = 47D2DC9826C4895A003A774F /* PreworkTests.xctest */;
			productType = "com.apple.product-type.bundle.unit-test";
		};
		47D2DCA226C4895A003A774F /* PreworkUITests */ = {
			isa = PBXNativeTarget;
			buildConfigurationList = 47D2DCB226C4895A003A774F /* Build configuration list for PBXNativeTarget "PreworkUITests" */;
			buildPhases = (
				47D2DC9F26C4895A003A774F /* Sources */,
				47D2DCA026C4895A003A774F /* Frameworks */,
				47D2DCA126C4895A003A774F /* Resources */,
			);
			buildRules = (
			);
			dependencies = (
				47D2DCA526C4895A003A774F /* PBXTargetDependency */,
			);
			name = PreworkUITests;
			productName = PreworkUITests;
			productReference = 47D2DCA326C4895A003A774F /* PreworkUITests.xctest */;
			productType = "com.apple.product-type.bundle.ui-testing";
		};
/* End PBXNativeTarget section */

/* Begin PBXProject section */
		47D2DC7A26C48955003A774F /* Project object */ = {
			isa = PBXProject;
			attributes = {
				LastSwiftUpdateCheck = 1250;
				LastUpgradeCheck = 1250;
				TargetAttributes = {
					47D2DC8126C48955003A774F = {
						CreatedOnToolsVersion = 12.5.1;
					};
					47D2DC9726C4895A003A774F = {
						CreatedOnToolsVersion = 12.5.1;
						TestTargetID = 47D2DC8126C48955003A774F;
					};
					47D2DCA226C4895A003A774F = {
						CreatedOnToolsVersion = 12.5.1;
						TestTargetID = 47D2DC8126C48955003A774F;
					};
				};
			};
			buildConfigurationList = 47D2DC7D26C48955003A774F /* Build configuration list for PBXProject "Prework" */;
			compatibilityVersion = "Xcode 9.3";
			developmentRegion = en;
			hasScannedForEncodings = 0;
			knownRegions = (
				en,
				Base,
			);
			mainGroup = 47D2DC7926C48955003A774F;
			productRefGroup = 47D2DC8326C48955003A774F /* Products */;
			projectDirPath = "";
			projectRoot = "";
			targets = (
				47D2DC8126C48955003A774F /* Prework */,
				47D2DC9726C4895A003A774F /* PreworkTests */,
				47D2DCA226C4895A003A774F /* PreworkUITests */,
			);
		};
/* End PBXProject section */

/* Begin PBXResourcesBuildPhase section */
		47D2DC8026C48955003A774F /* Resources */ = {
			isa = PBXResourcesBuildPhase;
			buildActionMask = 2147483647;
			files = (
				47D2DC9226C48959003A774F /* LaunchScreen.storyboard in Resources */,
				47D2DC8F26C48959003A774F /* Assets.xcassets in Resources */,
				47D2DC8D26C48955003A774F /* Main.storyboard in Resources */,
			);
			runOnlyForDeploymentPostprocessing = 0;
		};
		47D2DC9626C4895A003A774F /* Resources */ = {
			isa = PBXResourcesBuildPhase;
			buildActionMask = 2147483647;
			files = (
			);
			runOnlyForDeploymentPostprocessing = 0;
		};
		47D2DCA126C4895A003A774F /* Resources */ = {
			isa = PBXResourcesBuildPhase;
			buildActionMask = 2147483647;
			files = (
			);
			runOnlyForDeploymentPostprocessing = 0;
		};
/* End PBXResourcesBuildPhase section */

/* Begin PBXSourcesBuildPhase section */
		47D2DC7E26C48955003A774F /* Sources */ = {
			isa = PBXSourcesBuildPhase;
			buildActionMask = 2147483647;
			files = (
				47D2DC8A26C48955003A774F /* ViewController.swift in Sources */,
				47D2DC8626C48955003A774F /* AppDelegate.swift in Sources */,
				47D2DC8826C48955003A774F /* SceneDelegate.swift in Sources */,
			);
			runOnlyForDeploymentPostprocessing = 0;
		};
		47D2DC9426C4895A003A774F /* Sources */ = {
			isa = PBXSourcesBuildPhase;
			buildActionMask = 2147483647;
			files = (
				47D2DC9D26C4895A003A774F /* PreworkTests.swift in Sources */,
			);
			runOnlyForDeploymentPostprocessing = 0;
		};
		47D2DC9F26C4895A003A774F /* Sources */ = {
			isa = PBXSourcesBuildPhase;
			buildActionMask = 2147483647;
			files = (
				47D2DCA826C4895A003A774F /* PreworkUITests.swift in Sources */,
			);
			runOnlyForDeploymentPostprocessing = 0;
		};
/* End PBXSourcesBuildPhase section */

/* Begin PBXTargetDependency section */
		47D2DC9A26C4895A003A774F /* PBXTargetDependency */ = {
			isa = PBXTargetDependency;
			target = 47D2DC8126C48955003A774F /* Prework */;
			targetProxy = 47D2DC9926C4895A003A774F /* PBXContainerItemProxy */;
		};
		47D2DCA526C4895A003A774F /* PBXTargetDependency */ = {
			isa = PBXTargetDependency;
			target = 47D2DC8126C48955003A774F /* Prework */;
			targetProxy = 47D2DCA426C4895A003A774F /* PBXContainerItemProxy */;
		};
/* End PBXTargetDependency section */

/* Begin PBXVariantGroup section */
		47D2DC8B26C48955003A774F /* Main.storyboard */ = {
			isa = PBXVariantGroup;
			children = (
				47D2DC8C26C48955003A774F /* Base */,
			);
			name = Main.storyboard;
			sourceTree = "<group>";
		};
		47D2DC9026C48959003A774F /* LaunchScreen.storyboard */ = {
			isa = PBXVariantGroup;
			children = (
				47D2DC9126C48959003A774F /* Base */,
			);
			name = LaunchScreen.storyboard;
			sourceTree = "<group>";
		};
/* End PBXVariantGroup section */

/* Begin XCBuildConfiguration section */
		47D2DCAA26C4895A003A774F /* Debug */ = {
			isa = XCBuildConfiguration;
			buildSettings = {
				ALWAYS_SEARCH_USER_PATHS = NO;
				CLANG_ANALYZER_NONNULL = YES;
				CLANG_ANALYZER_NUMBER_OBJECT_CONVERSION = YES_AGGRESSIVE;
				CLANG_CXX_LANGUAGE_STANDARD = "gnu++14";
				CLANG_CXX_LIBRARY = "libc++";
				CLANG_ENABLE_MODULES = YES;
				CLANG_ENABLE_OBJC_ARC = YES;
				CLANG_ENABLE_OBJC_WEAK = YES;
				CLANG_WARN_BLOCK_CAPTURE_AUTORELEASING = YES;
				CLANG_WARN_BOOL_CONVERSION = YES;
				CLANG_WARN_COMMA = YES;
				CLANG_WARN_CONSTANT_CONVERSION = YES;
				CLANG_WARN_DEPRECATED_OBJC_IMPLEMENTATIONS = YES;
				CLANG_WARN_DIRECT_OBJC_ISA_USAGE = YES_ERROR;
				CLANG_WARN_DOCUMENTATION_COMMENTS = YES;
				CLANG_WARN_EMPTY_BODY = YES;
				CLANG_WARN_ENUM_CONVERSION = YES;
				CLANG_WARN_INFINITE_RECURSION = YES;
				CLANG_WARN_INT_CONVERSION = YES;
				CLANG_WARN_NON_LITERAL_NULL_CONVERSION = YES;
				CLANG_WARN_OBJC_IMPLICIT_RETAIN_SELF = YES;
				CLANG_WARN_OBJC_LITERAL_CONVERSION = YES;
				CLANG_WARN_OBJC_ROOT_CLASS = YES_ERROR;
				CLANG_WARN_QUOTED_INCLUDE_IN_FRAMEWORK_HEADER = YES;
				CLANG_WARN_RANGE_LOOP_ANALYSIS = YES;
				CLANG_WARN_STRICT_PROTOTYPES = YES;
				CLANG_WARN_SUSPICIOUS_MOVE = YES;
				CLANG_WARN_UNGUARDED_AVAILABILITY = YES_AGGRESSIVE;
				CLANG_WARN_UNREACHABLE_CODE = YES;
				CLANG_WARN__DUPLICATE_METHOD_MATCH = YES;
				COPY_PHASE_STRIP = NO;
				DEBUG_INFORMATION_FORMAT = dwarf;
				ENABLE_STRICT_OBJC_MSGSEND = YES;
				ENABLE_TESTABILITY = YES;
				GCC_C_LANGUAGE_STANDARD = gnu11;
				GCC_DYNAMIC_NO_PIC = NO;
				GCC_NO_COMMON_BLOCKS = YES;
				GCC_OPTIMIZATION_LEVEL = 0;
				GCC_PREPROCESSOR_DEFINITIONS = (
					"DEBUG=1",
					"$(inherited)",
				);
				GCC_WARN_64_TO_32_BIT_CONVERSION = YES;
				GCC_WARN_ABOUT_RETURN_TYPE = YES_ERROR;
				GCC_WARN_UNDECLARED_SELECTOR = YES;
				GCC_WARN_UNINITIALIZED_AUTOS = YES_AGGRESSIVE;
				GCC_WARN_UNUSED_FUNCTION = YES;
				GCC_WARN_UNUSED_VARIABLE = YES;
				IPHONEOS_DEPLOYMENT_TARGET = 14.5;
				MTL_ENABLE_DEBUG_INFO = INCLUDE_SOURCE;
				MTL_FAST_MATH = YES;
				ONLY_ACTIVE_ARCH = YES;
				SDKROOT = iphoneos;
				SWIFT_ACTIVE_COMPILATION_CONDITIONS = DEBUG;
				SWIFT_OPTIMIZATION_LEVEL = "-Onone";
			};
			name = Debug;
		};
		47D2DCAB26C4895A003A774F /* Release */ = {
			isa = XCBuildConfiguration;
			buildSettings = {
				ALWAYS_SEARCH_USER_PATHS = NO;
				CLANG_ANALYZER_NONNULL = YES;
				CLANG_ANALYZER_NUMBER_OBJECT_CONVERSION = YES_AGGRESSIVE;
				CLANG_CXX_LANGUAGE_STANDARD = "gnu++14";
				CLANG_CXX_LIBRARY = "libc++";
				CLANG_ENABLE_MODULES = YES;
				CLANG_ENABLE_OBJC_ARC = YES;
				CLANG_ENABLE_OBJC_WEAK = YES;
				CLANG_WARN_BLOCK_CAPTURE_AUTORELEASING = YES;
				CLANG_WARN_BOOL_CONVERSION = YES;
				CLANG_WARN_COMMA = YES;
				CLANG_WARN_CONSTANT_CONVERSION = YES;
				CLANG_WARN_DEPRECATED_OBJC_IMPLEMENTATIONS = YES;
				CLANG_WARN_DIRECT_OBJC_ISA_USAGE = YES_ERROR;
				CLANG_WARN_DOCUMENTATION_COMMENTS = YES;
				CLANG_WARN_EMPTY_BODY = YES;
				CLANG_WARN_ENUM_CONVERSION = YES;
				CLANG_WARN_INFINITE_RECURSION = YES;
				CLANG_WARN_INT_CONVERSION = YES;
				CLANG_WARN_NON_LITERAL_NULL_CONVERSION = YES;
				CLANG_WARN_OBJC_IMPLICIT_RETAIN_SELF = YES;
				CLANG_WARN_OBJC_LITERAL_CONVERSION = YES;
				CLANG_WARN_OBJC_ROOT_CLASS = YES_ERROR;
				CLANG_WARN_QUOTED_INCLUDE_IN_FRAMEWORK_HEADER = YES;
				CLANG_WARN_RANGE_LOOP_ANALYSIS = YES;
				CLANG_WARN_STRICT_PROTOTYPES = YES;
				CLANG_WARN_SUSPICIOUS_MOVE = YES;
				CLANG_WARN_UNGUARDED_AVAILABILITY = YES_AGGRESSIVE;
				CLANG_WARN_UNREACHABLE_CODE = YES;
				CLANG_WARN__DUPLICATE_METHOD_MATCH = YES;
				COPY_PHASE_STRIP = NO;
				DEBUG_INFORMATION_FORMAT = "dwarf-with-dsym";
				ENABLE_NS_ASSERTIONS = NO;
				ENABLE_STRICT_OBJC_MSGSEND = YES;
				GCC_C_LANGUAGE_STANDARD = gnu11;
				GCC_NO_COMMON_BLOCKS = YES;
				GCC_WARN_64_TO_32_BIT_CONVERSION = YES;
				GCC_WARN_ABOUT_RETURN_TYPE = YES_ERROR;
				GCC_WARN_UNDECLARED_SELECTOR = YES;
				GCC_WARN_UNINITIALIZED_AUTOS = YES_AGGRESSIVE;
				GCC_WARN_UNUSED_FUNCTION = YES;
				GCC_WARN_UNUSED_VARIABLE = YES;
				IPHONEOS_DEPLOYMENT_TARGET = 14.5;
				MTL_ENABLE_DEBUG_INFO = NO;
				MTL_FAST_MATH = YES;
				SDKROOT = iphoneos;
				SWIFT_COMPILATION_MODE = wholemodule;
				SWIFT_OPTIMIZATION_LEVEL = "-O";
				VALIDATE_PRODUCT = YES;
			};
			name = Release;
		};
		47D2DCAD26C4895A003A774F /* Debug */ = {
			isa = XCBuildConfiguration;
			buildSettings = {
				ASSETCATALOG_COMPILER_APPICON_NAME = AppIcon;
				ASSETCATALOG_COMPILER_GLOBAL_ACCENT_COLOR_NAME = AccentColor;
				CODE_SIGN_STYLE = Automatic;
				DEVELOPMENT_TEAM = B778665PW2;
				INFOPLIST_FILE = Prework/Info.plist;
				LD_RUNPATH_SEARCH_PATHS = (
					"$(inherited)",
					"@executable_path/Frameworks",
				);
				PRODUCT_BUNDLE_IDENTIFIER = me.mpisman.Prework;
				PRODUCT_NAME = "$(TARGET_NAME)";
				SWIFT_VERSION = 5.0;
				TARGETED_DEVICE_FAMILY = "1,2";
			};
			name = Debug;
		};
		47D2DCAE26C4895A003A774F /* Release */ = {
			isa = XCBuildConfiguration;
			buildSettings = {
				ASSETCATALOG_COMPILER_APPICON_NAME = AppIcon;
				ASSETCATALOG_COMPILER_GLOBAL_ACCENT_COLOR_NAME = AccentColor;
				CODE_SIGN_STYLE = Automatic;
				DEVELOPMENT_TEAM = B778665PW2;
				INFOPLIST_FILE = Prework/Info.plist;
				LD_RUNPATH_SEARCH_PATHS = (
					"$(inherited)",
					"@executable_path/Frameworks",
				);
				PRODUCT_BUNDLE_IDENTIFIER = me.mpisman.Prework;
				PRODUCT_NAME = "$(TARGET_NAME)";
				SWIFT_VERSION = 5.0;
				TARGETED_DEVICE_FAMILY = "1,2";
			};
			name = Release;
		};
		47D2DCB026C4895A003A774F /* Debug */ = {
			isa = XCBuildConfiguration;
			buildSettings = {
				ALWAYS_EMBED_SWIFT_STANDARD_LIBRARIES = YES;
				BUNDLE_LOADER = "$(TEST_HOST)";
				CODE_SIGN_STYLE = Automatic;
				DEVELOPMENT_TEAM = B778665PW2;
				INFOPLIST_FILE = PreworkTests/Info.plist;
				IPHONEOS_DEPLOYMENT_TARGET = 14.5;
				LD_RUNPATH_SEARCH_PATHS = (
					"$(inherited)",
					"@executable_path/Frameworks",
					"@loader_path/Frameworks",
				);
				PRODUCT_BUNDLE_IDENTIFIER = me.mpisman.PreworkTests;
				PRODUCT_NAME = "$(TARGET_NAME)";
				SWIFT_VERSION = 5.0;
				TARGETED_DEVICE_FAMILY = "1,2";
				TEST_HOST = "$(BUILT_PRODUCTS_DIR)/Prework.app/Prework";
			};
			name = Debug;
		};
		47D2DCB126C4895A003A774F /* Release */ = {
			isa = XCBuildConfiguration;
			buildSettings = {
				ALWAYS_EMBED_SWIFT_STANDARD_LIBRARIES = YES;
				BUNDLE_LOADER = "$(TEST_HOST)";
				CODE_SIGN_STYLE = Automatic;
				DEVELOPMENT_TEAM = B778665PW2;
				INFOPLIST_FILE = PreworkTests/Info.plist;
				IPHONEOS_DEPLOYMENT_TARGET = 14.5;
				LD_RUNPATH_SEARCH_PATHS = (
					"$(inherited)",
					"@executable_path/Frameworks",
					"@loader_path/Frameworks",
				);
				PRODUCT_BUNDLE_IDENTIFIER = me.mpisman.PreworkTests;
				PRODUCT_NAME = "$(TARGET_NAME)";
				SWIFT_VERSION = 5.0;
				TARGETED_DEVICE_FAMILY = "1,2";
				TEST_HOST = "$(BUILT_PRODUCTS_DIR)/Prework.app/Prework";
			};
			name = Release;
		};
		47D2DCB326C4895A003A774F /* Debug */ = {
			isa = XCBuildConfiguration;
			buildSettings = {
				ALWAYS_EMBED_SWIFT_STANDARD_LIBRARIES = YES;
				CODE_SIGN_STYLE = Automatic;
				DEVELOPMENT_TEAM = B778665PW2;
				INFOPLIST_FILE = PreworkUITests/Info.plist;
				LD_RUNPATH_SEARCH_PATHS = (
					"$(inherited)",
					"@executable_path/Frameworks",
					"@loader_path/Frameworks",
				);
				PRODUCT_BUNDLE_IDENTIFIER = me.mpisman.PreworkUITests;
				PRODUCT_NAME = "$(TARGET_NAME)";
				SWIFT_VERSION = 5.0;
				TARGETED_DEVICE_FAMILY = "1,2";
				TEST_TARGET_NAME = Prework;
			};
			name = Debug;
		};
		47D2DCB426C4895A003A774F /* Release */ = {
			isa = XCBuildConfiguration;
			buildSettings = {
				ALWAYS_EMBED_SWIFT_STANDARD_LIBRARIES = YES;
				CODE_SIGN_STYLE = Automatic;
				DEVELOPMENT_TEAM = B778665PW2;
				INFOPLIST_FILE = PreworkUITests/Info.plist;
				LD_RUNPATH_SEARCH_PATHS = (
					"$(inherited)",
					"@executable_path/Frameworks",
					"@loader_path/Frameworks",
				);
				PRODUCT_BUNDLE_IDENTIFIER = me.mpisman.PreworkUITests;
				PRODUCT_NAME = "$(TARGET_NAME)";
				SWIFT_VERSION = 5.0;
				TARGETED_DEVICE_FAMILY = "1,2";
				TEST_TARGET_NAME = Prework;
			};
			name = Release;
		};
/* End XCBuildConfiguration section */

/* Begin XCConfigurationList section */
		47D2DC7D26C48955003A774F /* Build configuration list for PBXProject "Prework" */ = {
			isa = XCConfigurationList;
			buildConfigurations = (
				47D2DCAA26C4895A003A774F /* Debug */,
				47D2DCAB26C4895A003A774F /* Release */,
			);
			defaultConfigurationIsVisible = 0;
			defaultConfigurationName = Release;
		};
		47D2DCAC26C4895A003A774F /* Build configuration list for PBXNativeTarget "Prework" */ = {
			isa = XCConfigurationList;
			buildConfigurations = (
				47D2DCAD26C4895A003A774F /* Debug */,
				47D2DCAE26C4895A003A774F /* Release */,
			);
			defaultConfigurationIsVisible = 0;
			defaultConfigurationName = Release;
		};
		47D2DCAF26C4895A003A774F /* Build configuration list for PBXNativeTarget "PreworkTests" */ = {
			isa = XCConfigurationList;
			buildConfigurations = (
				47D2DCB026C4895A003A774F /* Debug */,
				47D2DCB126C4895A003A774F /* Release */,
			);
			defaultConfigurationIsVisible = 0;
			defaultConfigurationName = Release;
		};
		47D2DCB226C4895A003A774F /* Build configuration list for PBXNativeTarget "PreworkUITests" */ = {
			isa = XCConfigurationList;
			buildConfigurations = (
				47D2DCB326C4895A003A774F /* Debug */,
				47D2DCB426C4895A003A774F /* Release */,
			);
			defaultConfigurationIsVisible = 0;
			defaultConfigurationName = Release;
		};
/* End XCConfigurationList section */
	};
	rootObject = 47D2DC7A26C48955003A774F /* Project object */;
}
